// !$*UTF8*$!
{
	archiveVersion = 1;
	classes = {
	};
	objectVersion = 46;
	objects = {

/* Begin PBXBuildFile section */
		B8182F2E1ABC998B00601E43 /* LaunchScreen.xib in Resources */ = {isa = PBXBuildFile; fileRef = B8182F2D1ABC998B00601E43 /* LaunchScreen.xib */; };
		B87A99F019A4D2CD00D12CD4 /* Foundation.framework in Frameworks */ = {isa = PBXBuildFile; fileRef = B87A99EF19A4D2CD00D12CD4 /* Foundation.framework */; };
		B87A99F219A4D2CD00D12CD4 /* CoreGraphics.framework in Frameworks */ = {isa = PBXBuildFile; fileRef = B87A99F119A4D2CD00D12CD4 /* CoreGraphics.framework */; };
		B87A99F419A4D2CD00D12CD4 /* UIKit.framework in Frameworks */ = {isa = PBXBuildFile; fileRef = B87A99F319A4D2CD00D12CD4 /* UIKit.framework */; };
		B87A99FA19A4D2CD00D12CD4 /* InfoPlist.strings in Resources */ = {isa = PBXBuildFile; fileRef = B87A99F819A4D2CD00D12CD4 /* InfoPlist.strings */; };
		B87A99FC19A4D2CD00D12CD4 /* AppDelegate.swift in Sources */ = {isa = PBXBuildFile; fileRef = B87A99FB19A4D2CD00D12CD4 /* AppDelegate.swift */; };
		B87A9A0219A4D2CD00D12CD4 /* Images.xcassets in Resources */ = {isa = PBXBuildFile; fileRef = B87A9A0119A4D2CD00D12CD4 /* Images.xcassets */; };
		B87A9A0919A4D2CD00D12CD4 /* XCTest.framework in Frameworks */ = {isa = PBXBuildFile; fileRef = B87A9A0819A4D2CD00D12CD4 /* XCTest.framework */; };
		B87A9A0A19A4D2CD00D12CD4 /* Foundation.framework in Frameworks */ = {isa = PBXBuildFile; fileRef = B87A99EF19A4D2CD00D12CD4 /* Foundation.framework */; };
		B87A9A0B19A4D2CD00D12CD4 /* UIKit.framework in Frameworks */ = {isa = PBXBuildFile; fileRef = B87A99F319A4D2CD00D12CD4 /* UIKit.framework */; };
		B87A9A1319A4D2CD00D12CD4 /* InfoPlist.strings in Resources */ = {isa = PBXBuildFile; fileRef = B87A9A1119A4D2CD00D12CD4 /* InfoPlist.strings */; };
		B87A9A2019A4D31100D12CD4 /* RSKExampleViewController.swift in Sources */ = {isa = PBXBuildFile; fileRef = B87A9A1F19A4D31100D12CD4 /* RSKExampleViewController.swift */; };
		B8D73A841B9B1E22003AFA4A /* RSKImageCropperStrings.bundle in Resources */ = {isa = PBXBuildFile; fileRef = B8D73A831B9B1E22003AFA4A /* RSKImageCropperStrings.bundle */; };
		B8F617661AE43CEF00499402 /* RSKImageCropperPerformanceTests.swift in Sources */ = {isa = PBXBuildFile; fileRef = B8F617651AE43CEF00499402 /* RSKImageCropperPerformanceTests.swift */; };
		EB2688D43C113A7595930E92 /* Pods_RSKImageCropperExample.framework in Frameworks */ = {isa = PBXBuildFile; fileRef = FECB9B7D3E77F79AB8EEB8B7 /* Pods_RSKImageCropperExample.framework */; };
		EF0EB2F11DC1582600221297 /* RSKImageCropViewController.swift in Sources */ = {isa = PBXBuildFile; fileRef = EF0EB2EB1DC1582600221297 /* RSKImageCropViewController.swift */; };
		EF0EB2F21DC1582600221297 /* UIImageExtension.swift in Sources */ = {isa = PBXBuildFile; fileRef = EF0EB2EC1DC1582600221297 /* UIImageExtension.swift */; };
		EF0EB2F31DC1582600221297 /* CGGeometryExtension.swift in Sources */ = {isa = PBXBuildFile; fileRef = EF0EB2ED1DC1582600221297 /* CGGeometryExtension.swift */; };
		EF0EB2F41DC1582600221297 /* RSKTouchView.swift in Sources */ = {isa = PBXBuildFile; fileRef = EF0EB2EE1DC1582600221297 /* RSKTouchView.swift */; };
		EF0EB2F51DC1582600221297 /* RSKImageScrollView.swift in Sources */ = {isa = PBXBuildFile; fileRef = EF0EB2EF1DC1582600221297 /* RSKImageScrollView.swift */; };
		EF0EB2F61DC1582600221297 /* RSKInternalUtility.swift in Sources */ = {isa = PBXBuildFile; fileRef = EF0EB2F01DC1582600221297 /* RSKInternalUtility.swift */; };
		F79F4B5BA310BEB0E435DFF9 /* Pods_RSKImageCropperExampleTests.framework in Frameworks */ = {isa = PBXBuildFile; fileRef = D9CF895212CC31ED7792C603 /* Pods_RSKImageCropperExampleTests.framework */; };
/* End PBXBuildFile section */

/* Begin PBXContainerItemProxy section */
		B87A9A0C19A4D2CD00D12CD4 /* PBXContainerItemProxy */ = {
			isa = PBXContainerItemProxy;
			containerPortal = B87A99E419A4D2CD00D12CD4 /* Project object */;
			proxyType = 1;
			remoteGlobalIDString = B87A99EB19A4D2CD00D12CD4;
			remoteInfo = RSKPhotoCropperExample;
		};
/* End PBXContainerItemProxy section */

/* Begin PBXFileReference section */
		0C150E48F85DA51945C85DA1 /* Pods-RSKImageCropperExampleTests.debug.xcconfig */ = {isa = PBXFileReference; includeInIndex = 1; lastKnownFileType = text.xcconfig; name = "Pods-RSKImageCropperExampleTests.debug.xcconfig"; path = "Pods/Target Support Files/Pods-RSKImageCropperExampleTests/Pods-RSKImageCropperExampleTests.debug.xcconfig"; sourceTree = "<group>"; };
		4FBE1561417A764B646C08A1 /* Pods-RSKImageCropperExample.debug.xcconfig */ = {isa = PBXFileReference; includeInIndex = 1; lastKnownFileType = text.xcconfig; name = "Pods-RSKImageCropperExample.debug.xcconfig"; path = "Pods/Target Support Files/Pods-RSKImageCropperExample/Pods-RSKImageCropperExample.debug.xcconfig"; sourceTree = "<group>"; };
		65BFCFB86783813E1024F99F /* Pods-RSKImageCropperExample.release.xcconfig */ = {isa = PBXFileReference; includeInIndex = 1; lastKnownFileType = text.xcconfig; name = "Pods-RSKImageCropperExample.release.xcconfig"; path = "Pods/Target Support Files/Pods-RSKImageCropperExample/Pods-RSKImageCropperExample.release.xcconfig"; sourceTree = "<group>"; };
		920CDB33366A5C7417CF0915 /* Pods-RSKImageCropperExampleTests.release.xcconfig */ = {isa = PBXFileReference; includeInIndex = 1; lastKnownFileType = text.xcconfig; name = "Pods-RSKImageCropperExampleTests.release.xcconfig"; path = "Pods/Target Support Files/Pods-RSKImageCropperExampleTests/Pods-RSKImageCropperExampleTests.release.xcconfig"; sourceTree = "<group>"; };
		B8182F2D1ABC998B00601E43 /* LaunchScreen.xib */ = {isa = PBXFileReference; fileEncoding = 4; lastKnownFileType = file.xib; path = LaunchScreen.xib; sourceTree = "<group>"; };
		B87A99EC19A4D2CD00D12CD4 /* RSKImageCropperExample.app */ = {isa = PBXFileReference; explicitFileType = wrapper.application; includeInIndex = 0; path = RSKImageCropperExample.app; sourceTree = BUILT_PRODUCTS_DIR; };
		B87A99EF19A4D2CD00D12CD4 /* Foundation.framework */ = {isa = PBXFileReference; lastKnownFileType = wrapper.framework; name = Foundation.framework; path = System/Library/Frameworks/Foundation.framework; sourceTree = SDKROOT; };
		B87A99F119A4D2CD00D12CD4 /* CoreGraphics.framework */ = {isa = PBXFileReference; lastKnownFileType = wrapper.framework; name = CoreGraphics.framework; path = System/Library/Frameworks/CoreGraphics.framework; sourceTree = SDKROOT; };
		B87A99F319A4D2CD00D12CD4 /* UIKit.framework */ = {isa = PBXFileReference; lastKnownFileType = wrapper.framework; name = UIKit.framework; path = System/Library/Frameworks/UIKit.framework; sourceTree = SDKROOT; };
		B87A99F719A4D2CD00D12CD4 /* RSKImageCropperExample-Info.plist */ = {isa = PBXFileReference; lastKnownFileType = text.plist.xml; path = "RSKImageCropperExample-Info.plist"; sourceTree = "<group>"; };
		B87A99F919A4D2CD00D12CD4 /* en */ = {isa = PBXFileReference; lastKnownFileType = text.plist.strings; name = en; path = en.lproj/InfoPlist.strings; sourceTree = "<group>"; };
		B87A99FB19A4D2CD00D12CD4 /* AppDelegate.swift */ = {isa = PBXFileReference; lastKnownFileType = sourcecode.swift; path = AppDelegate.swift; sourceTree = "<group>"; };
		B87A9A0119A4D2CD00D12CD4 /* Images.xcassets */ = {isa = PBXFileReference; lastKnownFileType = folder.assetcatalog; path = Images.xcassets; sourceTree = "<group>"; };
		B87A9A0719A4D2CD00D12CD4 /* RSKImageCropperExampleTests.xctest */ = {isa = PBXFileReference; explicitFileType = wrapper.cfbundle; includeInIndex = 0; path = RSKImageCropperExampleTests.xctest; sourceTree = BUILT_PRODUCTS_DIR; };
		B87A9A0819A4D2CD00D12CD4 /* XCTest.framework */ = {isa = PBXFileReference; lastKnownFileType = wrapper.framework; name = XCTest.framework; path = Library/Frameworks/XCTest.framework; sourceTree = DEVELOPER_DIR; };
		B87A9A1019A4D2CD00D12CD4 /* RSKImageCropperExampleTests-Info.plist */ = {isa = PBXFileReference; lastKnownFileType = text.plist.xml; path = "RSKImageCropperExampleTests-Info.plist"; sourceTree = "<group>"; };
		B87A9A1219A4D2CD00D12CD4 /* en */ = {isa = PBXFileReference; lastKnownFileType = text.plist.strings; name = en; path = en.lproj/InfoPlist.strings; sourceTree = "<group>"; };
		B87A9A1F19A4D31100D12CD4 /* RSKExampleViewController.swift */ = {isa = PBXFileReference; fileEncoding = 4; lastKnownFileType = sourcecode.swift; path = RSKExampleViewController.swift; sourceTree = "<group>"; };
		B8D73A831B9B1E22003AFA4A /* RSKImageCropperStrings.bundle */ = {isa = PBXFileReference; lastKnownFileType = "wrapper.plug-in"; path = RSKImageCropperStrings.bundle; sourceTree = "<group>"; };
		B8F617651AE43CEF00499402 /* RSKImageCropperPerformanceTests.swift */ = {isa = PBXFileReference; fileEncoding = 4; lastKnownFileType = sourcecode.swift; path = RSKImageCropperPerformanceTests.swift; sourceTree = "<group>"; };
		D9CF895212CC31ED7792C603 /* Pods_RSKImageCropperExampleTests.framework */ = {isa = PBXFileReference; explicitFileType = wrapper.framework; includeInIndex = 0; path = Pods_RSKImageCropperExampleTests.framework; sourceTree = BUILT_PRODUCTS_DIR; };
		EF0EB2EB1DC1582600221297 /* RSKImageCropViewController.swift */ = {isa = PBXFileReference; fileEncoding = 4; lastKnownFileType = sourcecode.swift; path = RSKImageCropViewController.swift; sourceTree = "<group>"; };
		EF0EB2EC1DC1582600221297 /* UIImageExtension.swift */ = {isa = PBXFileReference; fileEncoding = 4; lastKnownFileType = sourcecode.swift; path = UIImageExtension.swift; sourceTree = "<group>"; };
		EF0EB2ED1DC1582600221297 /* CGGeometryExtension.swift */ = {isa = PBXFileReference; fileEncoding = 4; lastKnownFileType = sourcecode.swift; path = CGGeometryExtension.swift; sourceTree = "<group>"; };
		EF0EB2EE1DC1582600221297 /* RSKTouchView.swift */ = {isa = PBXFileReference; fileEncoding = 4; lastKnownFileType = sourcecode.swift; path = RSKTouchView.swift; sourceTree = "<group>"; };
		EF0EB2EF1DC1582600221297 /* RSKImageScrollView.swift */ = {isa = PBXFileReference; fileEncoding = 4; lastKnownFileType = sourcecode.swift; path = RSKImageScrollView.swift; sourceTree = "<group>"; };
		EF0EB2F01DC1582600221297 /* RSKInternalUtility.swift */ = {isa = PBXFileReference; fileEncoding = 4; lastKnownFileType = sourcecode.swift; path = RSKInternalUtility.swift; sourceTree = "<group>"; };
		FECB9B7D3E77F79AB8EEB8B7 /* Pods_RSKImageCropperExample.framework */ = {isa = PBXFileReference; explicitFileType = wrapper.framework; includeInIndex = 0; path = Pods_RSKImageCropperExample.framework; sourceTree = BUILT_PRODUCTS_DIR; };
/* End PBXFileReference section */

/* Begin PBXFrameworksBuildPhase section */
		B87A99E919A4D2CD00D12CD4 /* Frameworks */ = {
			isa = PBXFrameworksBuildPhase;
			buildActionMask = 2147483647;
			files = (
				B87A99F219A4D2CD00D12CD4 /* CoreGraphics.framework in Frameworks */,
				B87A99F419A4D2CD00D12CD4 /* UIKit.framework in Frameworks */,
				B87A99F019A4D2CD00D12CD4 /* Foundation.framework in Frameworks */,
				EB2688D43C113A7595930E92 /* Pods_RSKImageCropperExample.framework in Frameworks */,
			);
			runOnlyForDeploymentPostprocessing = 0;
		};
		B87A9A0419A4D2CD00D12CD4 /* Frameworks */ = {
			isa = PBXFrameworksBuildPhase;
			buildActionMask = 2147483647;
			files = (
				B87A9A0919A4D2CD00D12CD4 /* XCTest.framework in Frameworks */,
				B87A9A0B19A4D2CD00D12CD4 /* UIKit.framework in Frameworks */,
				B87A9A0A19A4D2CD00D12CD4 /* Foundation.framework in Frameworks */,
				F79F4B5BA310BEB0E435DFF9 /* Pods_RSKImageCropperExampleTests.framework in Frameworks */,
			);
			runOnlyForDeploymentPostprocessing = 0;
		};
/* End PBXFrameworksBuildPhase section */

/* Begin PBXGroup section */
		A4C3C27E54049C6A4E02E73C /* Pods */ = {
			isa = PBXGroup;
			children = (
				0C150E48F85DA51945C85DA1 /* Pods-RSKImageCropperExampleTests.debug.xcconfig */,
				920CDB33366A5C7417CF0915 /* Pods-RSKImageCropperExampleTests.release.xcconfig */,
				4FBE1561417A764B646C08A1 /* Pods-RSKImageCropperExample.debug.xcconfig */,
				65BFCFB86783813E1024F99F /* Pods-RSKImageCropperExample.release.xcconfig */,
			);
			name = Pods;
			sourceTree = "<group>";
		};
		B87A99E319A4D2CD00D12CD4 = {
			isa = PBXGroup;
			children = (
				B87A99F519A4D2CD00D12CD4 /* Classes */,
				B87A9A3019A4D59D00D12CD4 /* Vendor */,
				B87A9A0E19A4D2CD00D12CD4 /* RSKImageCropperExampleTests */,
				B87A99EE19A4D2CD00D12CD4 /* Frameworks */,
				B87A99ED19A4D2CD00D12CD4 /* Products */,
				A4C3C27E54049C6A4E02E73C /* Pods */,
			);
			sourceTree = "<group>";
		};
		B87A99ED19A4D2CD00D12CD4 /* Products */ = {
			isa = PBXGroup;
			children = (
				B87A99EC19A4D2CD00D12CD4 /* RSKImageCropperExample.app */,
				B87A9A0719A4D2CD00D12CD4 /* RSKImageCropperExampleTests.xctest */,
			);
			name = Products;
			sourceTree = "<group>";
		};
		B87A99EE19A4D2CD00D12CD4 /* Frameworks */ = {
			isa = PBXGroup;
			children = (
				B87A99EF19A4D2CD00D12CD4 /* Foundation.framework */,
				B87A99F119A4D2CD00D12CD4 /* CoreGraphics.framework */,
				B87A99F319A4D2CD00D12CD4 /* UIKit.framework */,
				B87A9A0819A4D2CD00D12CD4 /* XCTest.framework */,
				FECB9B7D3E77F79AB8EEB8B7 /* Pods_RSKImageCropperExample.framework */,
				D9CF895212CC31ED7792C603 /* Pods_RSKImageCropperExampleTests.framework */,
			);
			name = Frameworks;
			sourceTree = "<group>";
		};
		B87A99F519A4D2CD00D12CD4 /* Classes */ = {
			isa = PBXGroup;
			children = (
				B87A9A2119A4D31A00D12CD4 /* Controllers */,
				B87A9A0119A4D2CD00D12CD4 /* Images.xcassets */,
				B87A99F619A4D2CD00D12CD4 /* Supporting Files */,
				B8182F2D1ABC998B00601E43 /* LaunchScreen.xib */,
			);
			name = Classes;
			path = RSKImageCropperExample;
			sourceTree = "<group>";
		};
		B87A99F619A4D2CD00D12CD4 /* Supporting Files */ = {
			isa = PBXGroup;
			children = (
				B87A99F719A4D2CD00D12CD4 /* RSKImageCropperExample-Info.plist */,
				B87A99F819A4D2CD00D12CD4 /* InfoPlist.strings */,
				B87A99FB19A4D2CD00D12CD4 /* AppDelegate.swift */,
			);
			name = "Supporting Files";
			sourceTree = "<group>";
		};
		B87A9A0E19A4D2CD00D12CD4 /* RSKImageCropperExampleTests */ = {
			isa = PBXGroup;
			children = (
				B8F617651AE43CEF00499402 /* RSKImageCropperPerformanceTests.swift */,
				B87A9A0F19A4D2CD00D12CD4 /* Supporting Files */,
			);
			path = RSKImageCropperExampleTests;
			sourceTree = "<group>";
		};
		B87A9A0F19A4D2CD00D12CD4 /* Supporting Files */ = {
			isa = PBXGroup;
			children = (
				B87A9A1019A4D2CD00D12CD4 /* RSKImageCropperExampleTests-Info.plist */,
				B87A9A1119A4D2CD00D12CD4 /* InfoPlist.strings */,
			);
			name = "Supporting Files";
			sourceTree = "<group>";
		};
		B87A9A2119A4D31A00D12CD4 /* Controllers */ = {
			isa = PBXGroup;
			children = (
				B87A9A1F19A4D31100D12CD4 /* RSKExampleViewController.swift */,
			);
			name = Controllers;
			sourceTree = "<group>";
		};
		B87A9A2219A4D39800D12CD4 /* RSKImageCropper */ = {
			isa = PBXGroup;
			children = (
				EF0EB2EB1DC1582600221297 /* RSKImageCropViewController.swift */,
				EF0EB2EC1DC1582600221297 /* UIImageExtension.swift */,
				EF0EB2ED1DC1582600221297 /* CGGeometryExtension.swift */,
				EF0EB2EE1DC1582600221297 /* RSKTouchView.swift */,
				EF0EB2EF1DC1582600221297 /* RSKImageScrollView.swift */,
				EF0EB2F01DC1582600221297 /* RSKInternalUtility.swift */,
				B8D73A881B9B3C3F003AFA4A /* Resources */,
			);
			name = RSKImageCropper;
			path = ../RSKImageCropper;
			sourceTree = "<group>";
		};
		B87A9A3019A4D59D00D12CD4 /* Vendor */ = {
			isa = PBXGroup;
			children = (
				B87A9A2219A4D39800D12CD4 /* RSKImageCropper */,
			);
			name = Vendor;
			sourceTree = "<group>";
		};
		B8D73A881B9B3C3F003AFA4A /* Resources */ = {
			isa = PBXGroup;
			children = (
				B8D73A831B9B1E22003AFA4A /* RSKImageCropperStrings.bundle */,
			);
			name = Resources;
			sourceTree = "<group>";
		};
/* End PBXGroup section */

/* Begin PBXNativeTarget section */
		B87A99EB19A4D2CD00D12CD4 /* RSKImageCropperExample */ = {
			isa = PBXNativeTarget;
			buildConfigurationList = B87A9A1819A4D2CD00D12CD4 /* Build configuration list for PBXNativeTarget "RSKImageCropperExample" */;
			buildPhases = (
				B744DFE53E5965E93DA3693B /* [CP] Check Pods Manifest.lock */,
				B87A99E819A4D2CD00D12CD4 /* Sources */,
				B87A99E919A4D2CD00D12CD4 /* Frameworks */,
				B87A99EA19A4D2CD00D12CD4 /* Resources */,
				816EC500ECE46A55F8A69116 /* [CP] Embed Pods Frameworks */,
				A082DCC83C37AA905DFCCEA5 /* [CP] Copy Pods Resources */,
			);
			buildRules = (
			);
			dependencies = (
			);
			name = RSKImageCropperExample;
			productName = RSKPhotoCropperExample;
			productReference = B87A99EC19A4D2CD00D12CD4 /* RSKImageCropperExample.app */;
			productType = "com.apple.product-type.application";
		};
		B87A9A0619A4D2CD00D12CD4 /* RSKImageCropperExampleTests */ = {
			isa = PBXNativeTarget;
			buildConfigurationList = B87A9A1B19A4D2CD00D12CD4 /* Build configuration list for PBXNativeTarget "RSKImageCropperExampleTests" */;
			buildPhases = (
				E6ACA6AC7E2047985157DEC7 /* [CP] Check Pods Manifest.lock */,
				B87A9A0319A4D2CD00D12CD4 /* Sources */,
				B87A9A0419A4D2CD00D12CD4 /* Frameworks */,
				B87A9A0519A4D2CD00D12CD4 /* Resources */,
				DA01B7473BA16B2EFF8F720F /* [CP] Embed Pods Frameworks */,
				66ECB2CF2CC9B870D07D888D /* [CP] Copy Pods Resources */,
			);
			buildRules = (
			);
			dependencies = (
				B87A9A0D19A4D2CD00D12CD4 /* PBXTargetDependency */,
			);
			name = RSKImageCropperExampleTests;
			productName = RSKPhotoCropperExampleTests;
			productReference = B87A9A0719A4D2CD00D12CD4 /* RSKImageCropperExampleTests.xctest */;
			productType = "com.apple.product-type.bundle.unit-test";
		};
/* End PBXNativeTarget section */

/* Begin PBXProject section */
		B87A99E419A4D2CD00D12CD4 /* Project object */ = {
			isa = PBXProject;
			attributes = {
				CLASSPREFIX = RSK;
				LastUpgradeCheck = 0810;
				ORGANIZATIONNAME = "Ruslan Skorb";
				TargetAttributes = {
					B87A99EB19A4D2CD00D12CD4 = {
						LastSwiftMigration = 0810;
					};
					B87A9A0619A4D2CD00D12CD4 = {
						TestTargetID = B87A99EB19A4D2CD00D12CD4;
					};
				};
			};
			buildConfigurationList = B87A99E719A4D2CD00D12CD4 /* Build configuration list for PBXProject "RSKImageCropperExample" */;
			compatibilityVersion = "Xcode 3.2";
			developmentRegion = English;
			hasScannedForEncodings = 0;
			knownRegions = (
				en,
			);
			mainGroup = B87A99E319A4D2CD00D12CD4;
			productRefGroup = B87A99ED19A4D2CD00D12CD4 /* Products */;
			projectDirPath = "";
			projectRoot = "";
			targets = (
				B87A99EB19A4D2CD00D12CD4 /* RSKImageCropperExample */,
				B87A9A0619A4D2CD00D12CD4 /* RSKImageCropperExampleTests */,
			);
		};
/* End PBXProject section */

/* Begin PBXResourcesBuildPhase section */
		B87A99EA19A4D2CD00D12CD4 /* Resources */ = {
			isa = PBXResourcesBuildPhase;
			buildActionMask = 2147483647;
			files = (
				B87A99FA19A4D2CD00D12CD4 /* InfoPlist.strings in Resources */,
				B8D73A841B9B1E22003AFA4A /* RSKImageCropperStrings.bundle in Resources */,
				B87A9A0219A4D2CD00D12CD4 /* Images.xcassets in Resources */,
				B8182F2E1ABC998B00601E43 /* LaunchScreen.xib in Resources */,
			);
			runOnlyForDeploymentPostprocessing = 0;
		};
		B87A9A0519A4D2CD00D12CD4 /* Resources */ = {
			isa = PBXResourcesBuildPhase;
			buildActionMask = 2147483647;
			files = (
				B87A9A1319A4D2CD00D12CD4 /* InfoPlist.strings in Resources */,
			);
			runOnlyForDeploymentPostprocessing = 0;
		};
/* End PBXResourcesBuildPhase section */

/* Begin PBXShellScriptBuildPhase section */
		66ECB2CF2CC9B870D07D888D /* [CP] Copy Pods Resources */ = {
			isa = PBXShellScriptBuildPhase;
			buildActionMask = 2147483647;
			files = (
			);
			inputPaths = (
			);
			name = "[CP] Copy Pods Resources";
			outputPaths = (
			);
			runOnlyForDeploymentPostprocessing = 0;
			shellPath = /bin/sh;
			shellScript = "\"${SRCROOT}/Pods/Target Support Files/Pods-RSKImageCropperExampleTests/Pods-RSKImageCropperExampleTests-resources.sh\"\n";
			showEnvVarsInLog = 0;
		};
		816EC500ECE46A55F8A69116 /* [CP] Embed Pods Frameworks */ = {
			isa = PBXShellScriptBuildPhase;
			buildActionMask = 2147483647;
			files = (
			);
			inputPaths = (
			);
			name = "[CP] Embed Pods Frameworks";
			outputPaths = (
			);
			runOnlyForDeploymentPostprocessing = 0;
			shellPath = /bin/sh;
			shellScript = "\"${SRCROOT}/Pods/Target Support Files/Pods-RSKImageCropperExample/Pods-RSKImageCropperExample-frameworks.sh\"\n";
			showEnvVarsInLog = 0;
		};
		A082DCC83C37AA905DFCCEA5 /* [CP] Copy Pods Resources */ = {
			isa = PBXShellScriptBuildPhase;
			buildActionMask = 2147483647;
			files = (
			);
			inputPaths = (
			);
			name = "[CP] Copy Pods Resources";
			outputPaths = (
			);
			runOnlyForDeploymentPostprocessing = 0;
			shellPath = /bin/sh;
			shellScript = "\"${SRCROOT}/Pods/Target Support Files/Pods-RSKImageCropperExample/Pods-RSKImageCropperExample-resources.sh\"\n";
			showEnvVarsInLog = 0;
		};
		B744DFE53E5965E93DA3693B /* [CP] Check Pods Manifest.lock */ = {
			isa = PBXShellScriptBuildPhase;
			buildActionMask = 2147483647;
			files = (
			);
			inputPaths = (
			);
			name = "[CP] Check Pods Manifest.lock";
			outputPaths = (
			);
			runOnlyForDeploymentPostprocessing = 0;
			shellPath = /bin/sh;
			shellScript = "diff \"${PODS_ROOT}/../Podfile.lock\" \"${PODS_ROOT}/Manifest.lock\" > /dev/null\nif [ $? != 0 ] ; then\n    # print error to STDERR\n    echo \"error: The sandbox is not in sync with the Podfile.lock. Run 'pod install' or update your CocoaPods installation.\" >&2\n    exit 1\nfi\n";
			showEnvVarsInLog = 0;
		};
		DA01B7473BA16B2EFF8F720F /* [CP] Embed Pods Frameworks */ = {
			isa = PBXShellScriptBuildPhase;
			buildActionMask = 2147483647;
			files = (
			);
			inputPaths = (
			);
			name = "[CP] Embed Pods Frameworks";
			outputPaths = (
			);
			runOnlyForDeploymentPostprocessing = 0;
			shellPath = /bin/sh;
			shellScript = "\"${SRCROOT}/Pods/Target Support Files/Pods-RSKImageCropperExampleTests/Pods-RSKImageCropperExampleTests-frameworks.sh\"\n";
			showEnvVarsInLog = 0;
		};
		E6ACA6AC7E2047985157DEC7 /* [CP] Check Pods Manifest.lock */ = {
			isa = PBXShellScriptBuildPhase;
			buildActionMask = 2147483647;
			files = (
			);
			inputPaths = (
			);
			name = "[CP] Check Pods Manifest.lock";
			outputPaths = (
			);
			runOnlyForDeploymentPostprocessing = 0;
			shellPath = /bin/sh;
			shellScript = "diff \"${PODS_ROOT}/../Podfile.lock\" \"${PODS_ROOT}/Manifest.lock\" > /dev/null\nif [ $? != 0 ] ; then\n    # print error to STDERR\n    echo \"error: The sandbox is not in sync with the Podfile.lock. Run 'pod install' or update your CocoaPods installation.\" >&2\n    exit 1\nfi\n";
			showEnvVarsInLog = 0;
		};
/* End PBXShellScriptBuildPhase section */

/* Begin PBXSourcesBuildPhase section */
		B87A99E819A4D2CD00D12CD4 /* Sources */ = {
			isa = PBXSourcesBuildPhase;
			buildActionMask = 2147483647;
			files = (
				EF0EB2F51DC1582600221297 /* RSKImageScrollView.swift in Sources */,
				EF0EB2F41DC1582600221297 /* RSKTouchView.swift in Sources */,
				B87A9A2019A4D31100D12CD4 /* RSKExampleViewController.swift in Sources */,
				EF0EB2F31DC1582600221297 /* CGGeometryExtension.swift in Sources */,
				B87A99FC19A4D2CD00D12CD4 /* AppDelegate.swift in Sources */,
				EF0EB2F11DC1582600221297 /* RSKImageCropViewController.swift in Sources */,
				EF0EB2F21DC1582600221297 /* UIImageExtension.swift in Sources */,
				EF0EB2F61DC1582600221297 /* RSKInternalUtility.swift in Sources */,
			);
			runOnlyForDeploymentPostprocessing = 0;
		};
		B87A9A0319A4D2CD00D12CD4 /* Sources */ = {
			isa = PBXSourcesBuildPhase;
			buildActionMask = 2147483647;
			files = (
				B8F617661AE43CEF00499402 /* RSKImageCropperPerformanceTests.swift in Sources */,
			);
			runOnlyForDeploymentPostprocessing = 0;
		};
/* End PBXSourcesBuildPhase section */

/* Begin PBXTargetDependency section */
		B87A9A0D19A4D2CD00D12CD4 /* PBXTargetDependency */ = {
			isa = PBXTargetDependency;
			target = B87A99EB19A4D2CD00D12CD4 /* RSKImageCropperExample */;
			targetProxy = B87A9A0C19A4D2CD00D12CD4 /* PBXContainerItemProxy */;
		};
/* End PBXTargetDependency section */

/* Begin PBXVariantGroup section */
		B87A99F819A4D2CD00D12CD4 /* InfoPlist.strings */ = {
			isa = PBXVariantGroup;
			children = (
				B87A99F919A4D2CD00D12CD4 /* en */,
			);
			name = InfoPlist.strings;
			sourceTree = "<group>";
		};
		B87A9A1119A4D2CD00D12CD4 /* InfoPlist.strings */ = {
			isa = PBXVariantGroup;
			children = (
				B87A9A1219A4D2CD00D12CD4 /* en */,
			);
			name = InfoPlist.strings;
			sourceTree = "<group>";
		};
/* End PBXVariantGroup section */

/* Begin XCBuildConfiguration section */
		B87A9A1619A4D2CD00D12CD4 /* Debug */ = {
			isa = XCBuildConfiguration;
			buildSettings = {
				ALWAYS_SEARCH_USER_PATHS = NO;
				CLANG_CXX_LANGUAGE_STANDARD = "gnu++0x";
				CLANG_CXX_LIBRARY = "libc++";
				CLANG_ENABLE_MODULES = YES;
				CLANG_ENABLE_OBJC_ARC = YES;
				CLANG_WARN_BOOL_CONVERSION = YES;
				CLANG_WARN_CONSTANT_CONVERSION = YES;
				CLANG_WARN_DIRECT_OBJC_ISA_USAGE = YES_ERROR;
				CLANG_WARN_EMPTY_BODY = YES;
				CLANG_WARN_ENUM_CONVERSION = YES;
				CLANG_WARN_INFINITE_RECURSION = YES;
				CLANG_WARN_INT_CONVERSION = YES;
				CLANG_WARN_OBJC_ROOT_CLASS = YES_ERROR;
				CLANG_WARN_SUSPICIOUS_MOVE = YES;
				CLANG_WARN_UNREACHABLE_CODE = YES;
				CLANG_WARN__DUPLICATE_METHOD_MATCH = YES;
				"CODE_SIGN_IDENTITY[sdk=iphoneos*]" = "iPhone Developer";
				COPY_PHASE_STRIP = NO;
				ENABLE_STRICT_OBJC_MSGSEND = YES;
				ENABLE_TESTABILITY = YES;
				GCC_C_LANGUAGE_STANDARD = gnu99;
				GCC_DYNAMIC_NO_PIC = NO;
				GCC_GENERATE_TEST_COVERAGE_FILES = YES;
				GCC_INSTRUMENT_PROGRAM_FLOW_ARCS = YES;
				GCC_NO_COMMON_BLOCKS = YES;
				GCC_OPTIMIZATION_LEVEL = 0;
				GCC_PREPROCESSOR_DEFINITIONS = (
					"DEBUG=1",
					"$(inherited)",
				);
				GCC_SYMBOLS_PRIVATE_EXTERN = NO;
				GCC_WARN_64_TO_32_BIT_CONVERSION = YES;
				GCC_WARN_ABOUT_RETURN_TYPE = YES_ERROR;
				GCC_WARN_UNDECLARED_SELECTOR = YES;
				GCC_WARN_UNINITIALIZED_AUTOS = YES_AGGRESSIVE;
				GCC_WARN_UNUSED_FUNCTION = YES;
				GCC_WARN_UNUSED_VARIABLE = YES;
				HEADER_SEARCH_PATHS = (
					"$(inherited)",
					/Applications/Xcode.app/Contents/Developer/Toolchains/XcodeDefault.xctoolchain/usr/include,
					..,
				);
				IPHONEOS_DEPLOYMENT_TARGET = 9.0;
				ONLY_ACTIVE_ARCH = YES;
				SDKROOT = iphoneos;
				SWIFT_VERSION = 3.0;
				TARGETED_DEVICE_FAMILY = "1,2";
			};
			name = Debug;
		};
		B87A9A1719A4D2CD00D12CD4 /* Release */ = {
			isa = XCBuildConfiguration;
			buildSettings = {
				ALWAYS_SEARCH_USER_PATHS = NO;
				CLANG_CXX_LANGUAGE_STANDARD = "gnu++0x";
				CLANG_CXX_LIBRARY = "libc++";
				CLANG_ENABLE_MODULES = YES;
				CLANG_ENABLE_OBJC_ARC = YES;
				CLANG_WARN_BOOL_CONVERSION = YES;
				CLANG_WARN_CONSTANT_CONVERSION = YES;
				CLANG_WARN_DIRECT_OBJC_ISA_USAGE = YES_ERROR;
				CLANG_WARN_EMPTY_BODY = YES;
				CLANG_WARN_ENUM_CONVERSION = YES;
				CLANG_WARN_INFINITE_RECURSION = YES;
				CLANG_WARN_INT_CONVERSION = YES;
				CLANG_WARN_OBJC_ROOT_CLASS = YES_ERROR;
				CLANG_WARN_SUSPICIOUS_MOVE = YES;
				CLANG_WARN_UNREACHABLE_CODE = YES;
				CLANG_WARN__DUPLICATE_METHOD_MATCH = YES;
				"CODE_SIGN_IDENTITY[sdk=iphoneos*]" = "iPhone Developer";
				COPY_PHASE_STRIP = YES;
				ENABLE_NS_ASSERTIONS = NO;
				ENABLE_STRICT_OBJC_MSGSEND = YES;
				GCC_C_LANGUAGE_STANDARD = gnu99;
				GCC_GENERATE_TEST_COVERAGE_FILES = YES;
				GCC_INSTRUMENT_PROGRAM_FLOW_ARCS = YES;
				GCC_NO_COMMON_BLOCKS = YES;
				GCC_WARN_64_TO_32_BIT_CONVERSION = YES;
				GCC_WARN_ABOUT_RETURN_TYPE = YES_ERROR;
				GCC_WARN_UNDECLARED_SELECTOR = YES;
				GCC_WARN_UNINITIALIZED_AUTOS = YES_AGGRESSIVE;
				GCC_WARN_UNUSED_FUNCTION = YES;
				GCC_WARN_UNUSED_VARIABLE = YES;
				HEADER_SEARCH_PATHS = (
					"$(inherited)",
					/Applications/Xcode.app/Contents/Developer/Toolchains/XcodeDefault.xctoolchain/usr/include,
					..,
				);
				IPHONEOS_DEPLOYMENT_TARGET = 9.0;
				SDKROOT = iphoneos;
				SWIFT_OPTIMIZATION_LEVEL = "-Owholemodule";
				SWIFT_VERSION = 3.0;
				TARGETED_DEVICE_FAMILY = "1,2";
				VALIDATE_PRODUCT = YES;
			};
			name = Release;
		};
		B87A9A1919A4D2CD00D12CD4 /* Debug */ = {
			isa = XCBuildConfiguration;
			baseConfigurationReference = 4FBE1561417A764B646C08A1 /* Pods-RSKImageCropperExample.debug.xcconfig */;
			buildSettings = {
				ASSETCATALOG_COMPILER_APPICON_NAME = AppIcon;
				ASSETCATALOG_COMPILER_LAUNCHIMAGE_NAME = LaunchImage;
				CLANG_ENABLE_MODULES = YES;
				DEVELOPMENT_TEAM = "";
				GCC_PRECOMPILE_PREFIX_HEADER = YES;
				INFOPLIST_FILE = "RSKImageCropperExample/RSKImageCropperExample-Info.plist";
				IPHONEOS_DEPLOYMENT_TARGET = 9.0;
				LD_RUNPATH_SEARCH_PATHS = "$(inherited) @executable_path/Frameworks";
				PRODUCT_BUNDLE_IDENTIFIER = "com.ruslanskorb.${PRODUCT_NAME:rfc1034identifier}";
				PRODUCT_NAME = RSKImageCropperExample;
				SWIFT_OPTIMIZATION_LEVEL = "-Onone";
				SWIFT_VERSION = 3.0;
				TARGETED_DEVICE_FAMILY = 1;
				WRAPPER_EXTENSION = app;
			};
			name = Debug;
		};
		B87A9A1A19A4D2CD00D12CD4 /* Release */ = {
			isa = XCBuildConfiguration;
			baseConfigurationReference = 65BFCFB86783813E1024F99F /* Pods-RSKImageCropperExample.release.xcconfig */;
			buildSettings = {
				ASSETCATALOG_COMPILER_APPICON_NAME = AppIcon;
				ASSETCATALOG_COMPILER_LAUNCHIMAGE_NAME = LaunchImage;
				CLANG_ENABLE_MODULES = YES;
				DEVELOPMENT_TEAM = "";
				GCC_PRECOMPILE_PREFIX_HEADER = YES;
				INFOPLIST_FILE = "RSKImageCropperExample/RSKImageCropperExample-Info.plist";
				IPHONEOS_DEPLOYMENT_TARGET = 9.0;
				LD_RUNPATH_SEARCH_PATHS = "$(inherited) @executable_path/Frameworks";
				PRODUCT_BUNDLE_IDENTIFIER = "com.ruslanskorb.${PRODUCT_NAME:rfc1034identifier}";
				PRODUCT_NAME = RSKImageCropperExample;
				SWIFT_VERSION = 3.0;
				TARGETED_DEVICE_FAMILY = 1;
				WRAPPER_EXTENSION = app;
			};
			name = Release;
		};
		B87A9A1C19A4D2CD00D12CD4 /* Debug */ = {
			isa = XCBuildConfiguration;
			baseConfigurationReference = 0C150E48F85DA51945C85DA1 /* Pods-RSKImageCropperExampleTests.debug.xcconfig */;
			buildSettings = {
				ALWAYS_EMBED_SWIFT_STANDARD_LIBRARIES = YES;
				BUNDLE_LOADER = "$(BUILT_PRODUCTS_DIR)/RSKImageCropperExample.app/RSKImageCropperExample";
				FRAMEWORK_SEARCH_PATHS = (
					"$(inherited)",
					"$(DEVELOPER_FRAMEWORKS_DIR)",
				);
				GCC_PRECOMPILE_PREFIX_HEADER = YES;
				GCC_PREPROCESSOR_DEFINITIONS = (
					"DEBUG=1",
					"$(inherited)",
				);
				INFOPLIST_FILE = "RSKImageCropperExampleTests/RSKImageCropperExampleTests-Info.plist";
				PRODUCT_BUNDLE_IDENTIFIER = "com.ruslanskorb.${PRODUCT_NAME:rfc1034identifier}";
				PRODUCT_NAME = RSKImageCropperExampleTests;
				SWIFT_VERSION = 3.0;
				TEST_HOST = "$(BUNDLE_LOADER)";
				WRAPPER_EXTENSION = xctest;
			};
			name = Debug;
		};
		B87A9A1D19A4D2CD00D12CD4 /* Release */ = {
			isa = XCBuildConfiguration;
			baseConfigurationReference = 920CDB33366A5C7417CF0915 /* Pods-RSKImageCropperExampleTests.release.xcconfig */;
			buildSettings = {
				ALWAYS_EMBED_SWIFT_STANDARD_LIBRARIES = YES;
				BUNDLE_LOADER = "$(BUILT_PRODUCTS_DIR)/RSKImageCropperExample.app/RSKImageCropperExample";
				FRAMEWORK_SEARCH_PATHS = (
					"$(inherited)",
					"$(DEVELOPER_FRAMEWORKS_DIR)",
				);
				GCC_PRECOMPILE_PREFIX_HEADER = YES;
				INFOPLIST_FILE = "RSKImageCropperExampleTests/RSKImageCropperExampleTests-Info.plist";
				PRODUCT_BUNDLE_IDENTIFIER = "com.ruslanskorb.${PRODUCT_NAME:rfc1034identifier}";
				PRODUCT_NAME = RSKImageCropperExampleTests;
				SWIFT_VERSION = 3.0;
				TEST_HOST = "$(BUNDLE_LOADER)";
				WRAPPER_EXTENSION = xctest;
			};
			name = Release;
		};
/* End XCBuildConfiguration section */

/* Begin XCConfigurationList section */
		B87A99E719A4D2CD00D12CD4 /* Build configuration list for PBXProject "RSKImageCropperExample" */ = {
			isa = XCConfigurationList;
			buildConfigurations = (
				B87A9A1619A4D2CD00D12CD4 /* Debug */,
				B87A9A1719A4D2CD00D12CD4 /* Release */,
			);
			defaultConfigurationIsVisible = 0;
			defaultConfigurationName = Release;
		};
		B87A9A1819A4D2CD00D12CD4 /* Build configuration list for PBXNativeTarget "RSKImageCropperExample" */ = {
			isa = XCConfigurationList;
			buildConfigurations = (
				B87A9A1919A4D2CD00D12CD4 /* Debug */,
				B87A9A1A19A4D2CD00D12CD4 /* Release */,
			);
			defaultConfigurationIsVisible = 0;
			defaultConfigurationName = Release;
		};
		B87A9A1B19A4D2CD00D12CD4 /* Build configuration list for PBXNativeTarget "RSKImageCropperExampleTests" */ = {
			isa = XCConfigurationList;
			buildConfigurations = (
				B87A9A1C19A4D2CD00D12CD4 /* Debug */,
				B87A9A1D19A4D2CD00D12CD4 /* Release */,
			);
			defaultConfigurationIsVisible = 0;
			defaultConfigurationName = Release;
		};
/* End XCConfigurationList section */
	};
	rootObject = B87A99E419A4D2CD00D12CD4 /* Project object */;
}
